<?xml version="1.0" encoding="utf-8"?>
<Project ToolsVersion="4.0" xmlns="http://schemas.microsoft.com/developer/msbuild/2003">
  <ItemGroup>
    <Filter Include="Source Files">
      <UniqueIdentifier>{4FC737F1-C7A5-4376-A066-2A32D752A2FF}</UniqueIdentifier>
      <Extensions>cpp;c;cc;cxx;c++;cppm;ixx;def;odl;idl;hpj;bat;asm;asmx</Extensions>
    </Filter>
    <Filter Include="Header Files">
      <UniqueIdentifier>{93995380-89BD-4b04-88EB-625FBE52EBFB}</UniqueIdentifier>
      <Extensions>h;hh;hpp;hxx;h++;hm;inl;inc;ipp;xsd</Extensions>
    </Filter>
    <Filter Include="Resource Files">
      <UniqueIdentifier>{67DA6AB6-F800-4c08-8B7A-83BB121AAD01}</UniqueIdentifier>
      <Extensions>rc;ico;cur;bmp;dlg;rc2;rct;bin;rgs;gif;jpg;jpeg;jpe;resx;tiff;tif;png;wav;mfcribbon-ms</Extensions>
    </Filter>
    <Filter Include="Header Files\lsm_tree">
      <UniqueIdentifier>{12dcdf1d-6b25-4fca-b151-22a0c29f6d50}</UniqueIdentifier>
    </Filter>
    <Filter Include="Header Files\lsm_tree_source">
      <UniqueIdentifier>{4288e5b3-395f-4381-b627-3bce5318e193}</UniqueIdentifier>
    </Filter>
  </ItemGroup>
  <ItemGroup>
    <ClCompile Include="FileName.cpp">
      <Filter>Source Files</Filter>
    </ClCompile>
    <ClCompile Include="Source.cpp">
      <Filter>Source Files</Filter>
    </ClCompile>
    <ClCompile Include="lsm_tree.cpp">
      <Filter>Source Files</Filter>
    </ClCompile>
    <ClCompile Include="BufferManager.cpp">
      <Filter>Header Files\lsm_tree_source</Filter>
    </ClCompile>
    <ClCompile Include="Table.cpp">
      <Filter>Header Files\lsm_tree_source</Filter>
    </ClCompile>
  </ItemGroup>
  <ItemGroup>
    <ClInclude Include="BTree.h">
      <Filter>Header Files</Filter>
    </ClInclude>
    <ClInclude Include="Node.h">
      <Filter>Header Files</Filter>
    </ClInclude>
    <ClInclude Include="BTree2.h">
      <Filter>Header Files</Filter>
    </ClInclude>
    <ClInclude Include="Table.h">
      <Filter>Header Files\lsm_tree</Filter>
    </ClInclude>
    <ClInclude Include="BufferManager.h">
      <Filter>Header Files\lsm_tree</Filter>
    </ClInclude>
    <ClInclude Include="VoidMemoryHandler.h">
      <Filter>Header Files\lsm_tree</Filter>
    </ClInclude>
    <ClInclude Include="BTree0.h">
      <Filter>Header Files\lsm_tree</Filter>
    </ClInclude>
    <ClInclude Include="Column.h">
      <Filter>Header Files\lsm_tree</Filter>
    </ClInclude>
    <ClInclude Include="LinkedList.h">
      <Filter>Header Files\lsm_tree</Filter>
    </ClInclude>
    <ClInclude Include="Conditions.h">
      <Filter>Header Files\lsm_tree</Filter>
    </ClInclude>
    <ClInclude Include="Parameters.h">
      <Filter>Header Files\lsm_tree</Filter>
    </ClInclude>
    <ClInclude Include="BitwiseHandler.h">
      <Filter>Header Files\lsm_tree</Filter>
    </ClInclude>
  </ItemGroup>
</Project>